
Microsoft Visual Studio Solution File, Format Version 12.00
# Visual Studio 15
VisualStudioVersion = 15.0.28010.2016
MinimumVisualStudioVersion = 10.0.40219.1
Project("{FAE04EC0-301F-11D3-BF4B-00C04F79EFBC}") = "helloJob", "helloJob\helloJob.csproj", "{D4970A77-EF55-4920-8163-61D4449DA85A}"
EndProject
Global
	GlobalSection(SolutionConfigurationPlatforms) = preSolution
		Debug|Any CPU = Debug|Any CPU
		Release|Any CPU = Release|Any CPU
	EndGlobalSection
	GlobalSection(ProjectConfigurationPlatforms) = postSolution
		{D4970A77-EF55-4920-8163-61D4449DA85A}.Debug|Any CPU.ActiveCfg = Debug|Any CPU
		{D4970A77-EF55-4920-8163-61D4449DA85A}.Debug|Any CPU.Build.0 = Debug|Any CPU
		{D4970A77-EF55-4920-8163-61D4449DA85A}.Release|Any CPU.ActiveCfg = Release|Any CPU
		{D4970A77-EF55-4920-8163-61D4449DA85A}.Release|Any CPU.Build.0 = Release|Any CPU
	EndGlobalSection
	GlobalSection(SolutionProperties) = preSolution
		HideSolutionNode = FALSE
	EndGlobalSection
	GlobalSection(ExtensibilityGlobals) = postSolution
		SolutionGuid = {7697D0D0-F46D-4BB2-9232-12DF39031AB2}
	EndGlobalSection
EndGlobal
